
Microsoft Visual Studio Solution File, Format Version 12.00
# Visual Studio Version 17
VisualStudioVersion = 17.0.31903.59
MinimumVisualStudioVersion = 10.0.40219.1
Project("{FAE04EC0-301F-11D3-BF4B-00C04F79EFBC}") = "StudyPlanService", "StudyPlanService\StudyPlanService.csproj", "{96DF6E1F-8B62-4BB3-82C1-BE2D6718F51A}"
EndProject
Project("{FAE04EC0-301F-11D3-BF4B-00C04F79EFBC}") = "StudyPlanService.Tests", "StudyPlanService.Tests\StudyPlanService.Tests.csproj", "{D0AE2988-A0DB-47B3-B6F5-51DB7EF6E296}"
EndProject
Project("{FAE04EC0-301F-11D3-BF4B-00C04F79EFBC}") = "StudyPlanUI", "StudyPlanUI\StudyPlan.csproj", "{AF40203D-EF39-4A1B-A386-71DCBC8BF041}"
EndProject
Global
	GlobalSection(SolutionConfigurationPlatforms) = preSolution
		Debug|Any CPU = Debug|Any CPU
		Release|Any CPU = Release|Any CPU
	EndGlobalSection
	GlobalSection(SolutionProperties) = preSolution
		HideSolutionNode = FALSE
	EndGlobalSection
	GlobalSection(ProjectConfigurationPlatforms) = postSolution
		{96DF6E1F-8B62-4BB3-82C1-BE2D6718F51A}.Debug|Any CPU.ActiveCfg = Debug|Any CPU
		{96DF6E1F-8B62-4BB3-82C1-BE2D6718F51A}.Debug|Any CPU.Build.0 = Debug|Any CPU
		{96DF6E1F-8B62-4BB3-82C1-BE2D6718F51A}.Release|Any CPU.ActiveCfg = Release|Any CPU
		{96DF6E1F-8B62-4BB3-82C1-BE2D6718F51A}.Release|Any CPU.Build.0 = Release|Any CPU
		{D0AE2988-A0DB-47B3-B6F5-51DB7EF6E296}.Debug|Any CPU.ActiveCfg = Debug|Any CPU
		{D0AE2988-A0DB-47B3-B6F5-51DB7EF6E296}.Debug|Any CPU.Build.0 = Debug|Any CPU
		{D0AE2988-A0DB-47B3-B6F5-51DB7EF6E296}.Release|Any CPU.ActiveCfg = Release|Any CPU
		{D0AE2988-A0DB-47B3-B6F5-51DB7EF6E296}.Release|Any CPU.Build.0 = Release|Any CPU
	EndGlobalSection
EndGlobal
